
Microsoft Visual Studio Solution File, Format Version 12.00
# Visual Studio 2012
Project("{FAE04EC0-301F-11D3-BF4B-00C04F79EFBC}") = "DoAnMonHoc", "DoAnMonHoc\DoAnMonHoc.csproj", "{920BF849-ECFF-4BD7-9529-1605E2C594C6}"
EndProject
Global
	GlobalSection(SolutionConfigurationPlatforms) = preSolution
		Debug|Any CPU = Debug|Any CPU
		Release|Any CPU = Release|Any CPU
	EndGlobalSection
	GlobalSection(ProjectConfigurationPlatforms) = postSolution
		{920BF849-ECFF-4BD7-9529-1605E2C594C6}.Debug|Any CPU.ActiveCfg = Debug|Any CPU
		{920BF849-ECFF-4BD7-9529-1605E2C594C6}.Debug|Any CPU.Build.0 = Debug|Any CPU
		{920BF849-ECFF-4BD7-9529-1605E2C594C6}.Release|Any CPU.ActiveCfg = Release|Any CPU
		{920BF849-ECFF-4BD7-9529-1605E2C594C6}.Release|Any CPU.Build.0 = Release|Any CPU
	EndGlobalSection
	GlobalSection(SolutionProperties) = preSolution
		HideSolutionNode = FALSE
	EndGlobalSection
EndGlobal
